
Microsoft Visual Studio Solution File, Format Version 12.00
# Visual Studio Version 16
VisualStudioVersion = 16.0.31702.278
MinimumVisualStudioVersion = 10.0.40219.1
Project("{FAE04EC0-301F-11D3-BF4B-00C04F79EFBC}") = "ValidatePassword2", "ValidatePassword2.csproj", "{C3E4CFEC-41F0-414C-B178-A19050F35AE6}"
EndProject
Global
	GlobalSection(SolutionConfigurationPlatforms) = preSolution
		Debug|Any CPU = Debug|Any CPU
		Release|Any CPU = Release|Any CPU
	EndGlobalSection
	GlobalSection(ProjectConfigurationPlatforms) = postSolution
		{C3E4CFEC-41F0-414C-B178-A19050F35AE6}.Debug|Any CPU.ActiveCfg = Debug|Any CPU
		{C3E4CFEC-41F0-414C-B178-A19050F35AE6}.Debug|Any CPU.Build.0 = Debug|Any CPU
		{C3E4CFEC-41F0-414C-B178-A19050F35AE6}.Release|Any CPU.ActiveCfg = Release|Any CPU
		{C3E4CFEC-41F0-414C-B178-A19050F35AE6}.Release|Any CPU.Build.0 = Release|Any CPU
	EndGlobalSection
	GlobalSection(SolutionProperties) = preSolution
		HideSolutionNode = FALSE
	EndGlobalSection
	GlobalSection(ExtensibilityGlobals) = postSolution
		SolutionGuid = {D570F3EA-881A-460D-BED2-34E70C2F2D4A}
	EndGlobalSection
EndGlobal
