
Microsoft Visual Studio Solution File, Format Version 12.00
# Visual Studio Version 16
VisualStudioVersion = 16.0.31702.278
MinimumVisualStudioVersion = 10.0.40219.1
Project("{FAE04EC0-301F-11D3-BF4B-00C04F79EFBC}") = "UserRegistrationRegex", "UserRegistrationRegex.csproj", "{211A08FE-597F-41F3-8676-FBAD55DF600B}"
EndProject
Global
	GlobalSection(SolutionConfigurationPlatforms) = preSolution
		Debug|Any CPU = Debug|Any CPU
		Release|Any CPU = Release|Any CPU
	EndGlobalSection
	GlobalSection(ProjectConfigurationPlatforms) = postSolution
		{211A08FE-597F-41F3-8676-FBAD55DF600B}.Debug|Any CPU.ActiveCfg = Debug|Any CPU
		{211A08FE-597F-41F3-8676-FBAD55DF600B}.Debug|Any CPU.Build.0 = Debug|Any CPU
		{211A08FE-597F-41F3-8676-FBAD55DF600B}.Release|Any CPU.ActiveCfg = Release|Any CPU
		{211A08FE-597F-41F3-8676-FBAD55DF600B}.Release|Any CPU.Build.0 = Release|Any CPU
	EndGlobalSection
	GlobalSection(SolutionProperties) = preSolution
		HideSolutionNode = FALSE
	EndGlobalSection
	GlobalSection(ExtensibilityGlobals) = postSolution
		SolutionGuid = {B73B69D1-C820-4CFC-8341-6AD8D7D90C4C}
	EndGlobalSection
EndGlobal
